
Microsoft Visual Studio Solution File, Format Version 12.00
# Visual Studio Version 17
VisualStudioVersion = 17.2.32602.215
MinimumVisualStudioVersion = 10.0.40219.1
Project("{FAE04EC0-301F-11D3-BF4B-00C04F79EFBC}") = "Something", "Something\Something.csproj", "{78A97521-095A-4538-B385-AC4DA172C8C3}"
EndProject
Global
	GlobalSection(SolutionConfigurationPlatforms) = preSolution
		Debug|Any CPU = Debug|Any CPU
		Release|Any CPU = Release|Any CPU
	EndGlobalSection
	GlobalSection(ProjectConfigurationPlatforms) = postSolution
		{78A97521-095A-4538-B385-AC4DA172C8C3}.Debug|Any CPU.ActiveCfg = Debug|Any CPU
		{78A97521-095A-4538-B385-AC4DA172C8C3}.Debug|Any CPU.Build.0 = Debug|Any CPU
		{78A97521-095A-4538-B385-AC4DA172C8C3}.Release|Any CPU.ActiveCfg = Release|Any CPU
		{78A97521-095A-4538-B385-AC4DA172C8C3}.Release|Any CPU.Build.0 = Release|Any CPU
	EndGlobalSection
	GlobalSection(SolutionProperties) = preSolution
		HideSolutionNode = FALSE
	EndGlobalSection
	GlobalSection(ExtensibilityGlobals) = postSolution
		SolutionGuid = {84B43291-62DA-4DD1-8927-6CDB710AAA63}
	EndGlobalSection
EndGlobal
